
Microsoft Visual Studio Solution File, Format Version 12.00
# Visual Studio 15
VisualStudioVersion = 15.0.27130.2027
MinimumVisualStudioVersion = 10.0.40219.1
Project("{FAE04EC0-301F-11D3-BF4B-00C04F79EFBC}") = "Franks_Pizza.Android", "Franks_Pizza\Franks_Pizza.Android\Franks_Pizza.Android.csproj", "{22D36899-6DF3-4772-A1B8-D30A07AB512E}"
EndProject
Project("{FAE04EC0-301F-11D3-BF4B-00C04F79EFBC}") = "Franks_Pizza.iOS", "Franks_Pizza\Franks_Pizza.iOS\Franks_Pizza.iOS.csproj", "{2692481B-C6E4-4ECF-9182-C1F6AC519B09}"
EndProject
Project("{FAE04EC0-301F-11D3-BF4B-00C04F79EFBC}") = "Franks_Pizza.UWP", "Franks_Pizza\Franks_Pizza.UWP\Franks_Pizza.UWP.csproj", "{9E178F25-5339-4B93-BC1F-4CE6E9E773CE}"
EndProject
Project("{9A19103F-16F7-4668-BE54-9A1E7A4F7556}") = "Franks_Pizza", "Franks_Pizza\Franks_Pizza\Franks_Pizza.csproj", "{3A0339C1-5B3B-4126-B9E2-A64C9AB4A40B}"
EndProject
Global
	GlobalSection(SolutionConfigurationPlatforms) = preSolution
		Ad-Hoc|Any CPU = Ad-Hoc|Any CPU
		Ad-Hoc|ARM = Ad-Hoc|ARM
		Ad-Hoc|iPhone = Ad-Hoc|iPhone
		Ad-Hoc|iPhoneSimulator = Ad-Hoc|iPhoneSimulator
		Ad-Hoc|x64 = Ad-Hoc|x64
		Ad-Hoc|x86 = Ad-Hoc|x86
		AppStore|Any CPU = AppStore|Any CPU
		AppStore|ARM = AppStore|ARM
		AppStore|iPhone = AppStore|iPhone
		AppStore|iPhoneSimulator = AppStore|iPhoneSimulator
		AppStore|x64 = AppStore|x64
		AppStore|x86 = AppStore|x86
		Debug|Any CPU = Debug|Any CPU
		Debug|ARM = Debug|ARM
		Debug|iPhone = Debug|iPhone
		Debug|iPhoneSimulator = Debug|iPhoneSimulator
		Debug|x64 = Debug|x64
		Debug|x86 = Debug|x86
		Release|Any CPU = Release|Any CPU
		Release|ARM = Release|ARM
		Release|iPhone = Release|iPhone
		Release|iPhoneSimulator = Release|iPhoneSimulator
		Release|x64 = Release|x64
		Release|x86 = Release|x86
	EndGlobalSection
	GlobalSection(ProjectConfigurationPlatforms) = postSolution
		{22D36899-6DF3-4772-A1B8-D30A07AB512E}.Ad-Hoc|Any CPU.ActiveCfg = Release|Any CPU
		{22D36899-6DF3-4772-A1B8-D30A07AB512E}.Ad-Hoc|Any CPU.Build.0 = Release|Any CPU
		{22D36899-6DF3-4772-A1B8-D30A07AB512E}.Ad-Hoc|Any CPU.Deploy.0 = Release|Any CPU
		{22D36899-6DF3-4772-A1B8-D30A07AB512E}.Ad-Hoc|ARM.ActiveCfg = Release|Any CPU
		{22D36899-6DF3-4772-A1B8-D30A07AB512E}.Ad-Hoc|ARM.Build.0 = Release|Any CPU
		{22D36899-6DF3-4772-A1B8-D30A07AB512E}.Ad-Hoc|ARM.Deploy.0 = Release|Any CPU
		{22D36899-6DF3-4772-A1B8-D30A07AB512E}.Ad-Hoc|iPhone.ActiveCfg = Release|Any CPU
		{22D36899-6DF3-4772-A1B8-D30A07AB512E}.Ad-Hoc|iPhone.Build.0 = Release|Any CPU
		{22D36899-6DF3-4772-A1B8-D30A07AB512E}.Ad-Hoc|iPhone.Deploy.0 = Release|Any CPU
		{22D36899-6DF3-4772-A1B8-D30A07AB512E}.Ad-Hoc|iPhoneSimulator.ActiveCfg = Release|Any CPU
		{22D36899-6DF3-4772-A1B8-D30A07AB512E}.Ad-Hoc|iPhoneSimulator.Build.0 = Release|Any CPU
		{22D36899-6DF3-4772-A1B8-D30A07AB512E}.Ad-Hoc|iPhoneSimulator.Deploy.0 = Release|Any CPU
		{22D36899-6DF3-4772-A1B8-D30A07AB512E}.Ad-Hoc|x64.ActiveCfg = Release|Any CPU
		{22D36899-6DF3-4772-A1B8-D30A07AB512E}.Ad-Hoc|x64.Build.0 = Release|Any CPU
		{22D36899-6DF3-4772-A1B8-D30A07AB512E}.Ad-Hoc|x64.Deploy.0 = Release|Any CPU
		{22D36899-6DF3-4772-A1B8-D30A07AB512E}.Ad-Hoc|x86.ActiveCfg = Release|Any CPU
		{22D36899-6DF3-4772-A1B8-D30A07AB512E}.Ad-Hoc|x86.Build.0 = Release|Any CPU
		{22D36899-6DF3-4772-A1B8-D30A07AB512E}.Ad-Hoc|x86.Deploy.0 = Release|Any CPU
		{22D36899-6DF3-4772-A1B8-D30A07AB512E}.AppStore|Any CPU.ActiveCfg = Release|Any CPU
		{22D36899-6DF3-4772-A1B8-D30A07AB512E}.AppStore|Any CPU.Build.0 = Release|Any CPU
		{22D36899-6DF3-4772-A1B8-D30A07AB512E}.AppStore|Any CPU.Deploy.0 = Release|Any CPU
		{22D36899-6DF3-4772-A1B8-D30A07AB512E}.AppStore|ARM.ActiveCfg = Release|Any CPU
		{22D36899-6DF3-4772-A1B8-D30A07AB512E}.AppStore|ARM.Build.0 = Release|Any CPU
		{22D36899-6DF3-4772-A1B8-D30A07AB512E}.AppStore|ARM.Deploy.0 = Release|Any CPU
		{22D36899-6DF3-4772-A1B8-D30A07AB512E}.AppStore|iPhone.ActiveCfg = Release|Any CPU
		{22D36899-6DF3-4772-A1B8-D30A07AB512E}.AppStore|iPhone.Build.0 = Release|Any CPU
		{22D36899-6DF3-4772-A1B8-D30A07AB512E}.AppStore|iPhone.Deploy.0 = Release|Any CPU
		{22D36899-6DF3-4772-A1B8-D30A07AB512E}.AppStore|iPhoneSimulator.ActiveCfg = Release|Any CPU
		{22D36899-6DF3-4772-A1B8-D30A07AB512E}.AppStore|iPhoneSimulator.Build.0 = Release|Any CPU
		{22D36899-6DF3-4772-A1B8-D30A07AB512E}.AppStore|iPhoneSimulator.Deploy.0 = Release|Any CPU
		{22D36899-6DF3-4772-A1B8-D30A07AB512E}.AppStore|x64.ActiveCfg = Release|Any CPU
		{22D36899-6DF3-4772-A1B8-D30A07AB512E}.AppStore|x64.Build.0 = Release|Any CPU
		{22D36899-6DF3-4772-A1B8-D30A07AB512E}.AppStore|x64.Deploy.0 = Release|Any CPU
		{22D36899-6DF3-4772-A1B8-D30A07AB512E}.AppStore|x86.ActiveCfg = Release|Any CPU
		{22D36899-6DF3-4772-A1B8-D30A07AB512E}.AppStore|x86.Build.0 = Release|Any CPU
		{22D36899-6DF3-4772-A1B8-D30A07AB512E}.AppStore|x86.Deploy.0 = Release|Any CPU
		{22D36899-6DF3-4772-A1B8-D30A07AB512E}.Debug|Any CPU.ActiveCfg = Debug|Any CPU
		{22D36899-6DF3-4772-A1B8-D30A07AB512E}.Debug|Any CPU.Build.0 = Debug|Any CPU
		{22D36899-6DF3-4772-A1B8-D30A07AB512E}.Debug|Any CPU.Deploy.0 = Debug|Any CPU
		{22D36899-6DF3-4772-A1B8-D30A07AB512E}.Debug|ARM.ActiveCfg = Debug|Any CPU
		{22D36899-6DF3-4772-A1B8-D30A07AB512E}.Debug|ARM.Build.0 = Debug|Any CPU
		{22D36899-6DF3-4772-A1B8-D30A07AB512E}.Debug|ARM.Deploy.0 = Debug|Any CPU
		{22D36899-6DF3-4772-A1B8-D30A07AB512E}.Debug|iPhone.ActiveCfg = Debug|Any CPU
		{22D36899-6DF3-4772-A1B8-D30A07AB512E}.Debug|iPhone.Build.0 = Debug|Any CPU
		{22D36899-6DF3-4772-A1B8-D30A07AB512E}.Debug|iPhone.Deploy.0 = Debug|Any CPU
		{22D36899-6DF3-4772-A1B8-D30A07AB512E}.Debug|iPhoneSimulator.ActiveCfg = Debug|Any CPU
		{22D36899-6DF3-4772-A1B8-D30A07AB512E}.Debug|iPhoneSimulator.Build.0 = Debug|Any CPU
		{22D36899-6DF3-4772-A1B8-D30A07AB512E}.Debug|iPhoneSimulator.Deploy.0 = Debug|Any CPU
		{22D36899-6DF3-4772-A1B8-D30A07AB512E}.Debug|x64.ActiveCfg = Debug|Any CPU
		{22D36899-6DF3-4772-A1B8-D30A07AB512E}.Debug|x64.Build.0 = Debug|Any CPU
		{22D36899-6DF3-4772-A1B8-D30A07AB512E}.Debug|x64.Deploy.0 = Debug|Any CPU
		{22D36899-6DF3-4772-A1B8-D30A07AB512E}.Debug|x86.ActiveCfg = Debug|Any CPU
		{22D36899-6DF3-4772-A1B8-D30A07AB512E}.Debug|x86.Build.0 = Debug|Any CPU
		{22D36899-6DF3-4772-A1B8-D30A07AB512E}.Debug|x86.Deploy.0 = Debug|Any CPU
		{22D36899-6DF3-4772-A1B8-D30A07AB512E}.Release|Any CPU.ActiveCfg = Release|Any CPU
		{22D36899-6DF3-4772-A1B8-D30A07AB512E}.Release|Any CPU.Build.0 = Release|Any CPU
		{22D36899-6DF3-4772-A1B8-D30A07AB512E}.Release|Any CPU.Deploy.0 = Release|Any CPU
		{22D36899-6DF3-4772-A1B8-D30A07AB512E}.Release|ARM.ActiveCfg = Release|Any CPU
		{22D36899-6DF3-4772-A1B8-D30A07AB512E}.Release|ARM.Build.0 = Release|Any CPU
		{22D36899-6DF3-4772-A1B8-D30A07AB512E}.Release|ARM.Deploy.0 = Release|Any CPU
		{22D36899-6DF3-4772-A1B8-D30A07AB512E}.Release|iPhone.ActiveCfg = Release|Any CPU
		{22D36899-6DF3-4772-A1B8-D30A07AB512E}.Release|iPhone.Build.0 = Release|Any CPU
		{22D36899-6DF3-4772-A1B8-D30A07AB512E}.Release|iPhone.Deploy.0 = Release|Any CPU
		{22D36899-6DF3-4772-A1B8-D30A07AB512E}.Release|iPhoneSimulator.ActiveCfg = Release|Any CPU
		{22D36899-6DF3-4772-A1B8-D30A07AB512E}.Release|iPhoneSimulator.Build.0 = Release|Any CPU
		{22D36899-6DF3-4772-A1B8-D30A07AB512E}.Release|iPhoneSimulator.Deploy.0 = Release|Any CPU
		{22D36899-6DF3-4772-A1B8-D30A07AB512E}.Release|x64.ActiveCfg = Release|Any CPU
		{22D36899-6DF3-4772-A1B8-D30A07AB512E}.Release|x64.Build.0 = Release|Any CPU
		{22D36899-6DF3-4772-A1B8-D30A07AB512E}.Release|x64.Deploy.0 = Release|Any CPU
		{22D36899-6DF3-4772-A1B8-D30A07AB512E}.Release|x86.ActiveCfg = Release|Any CPU
		{22D36899-6DF3-4772-A1B8-D30A07AB512E}.Release|x86.Build.0 = Release|Any CPU
		{22D36899-6DF3-4772-A1B8-D30A07AB512E}.Release|x86.Deploy.0 = Release|Any CPU
		{2692481B-C6E4-4ECF-9182-C1F6AC519B09}.Ad-Hoc|Any CPU.ActiveCfg = Ad-Hoc|iPhone
		{2692481B-C6E4-4ECF-9182-C1F6AC519B09}.Ad-Hoc|ARM.ActiveCfg = Ad-Hoc|iPhone
		{2692481B-C6E4-4ECF-9182-C1F6AC519B09}.Ad-Hoc|iPhone.ActiveCfg = Ad-Hoc|iPhone
		{2692481B-C6E4-4ECF-9182-C1F6AC519B09}.Ad-Hoc|iPhone.Build.0 = Ad-Hoc|iPhone
		{2692481B-C6E4-4ECF-9182-C1F6AC519B09}.Ad-Hoc|iPhoneSimulator.ActiveCfg = Ad-Hoc|iPhoneSimulator
		{2692481B-C6E4-4ECF-9182-C1F6AC519B09}.Ad-Hoc|iPhoneSimulator.Build.0 = Ad-Hoc|iPhoneSimulator
		{2692481B-C6E4-4ECF-9182-C1F6AC519B09}.Ad-Hoc|x64.ActiveCfg = Ad-Hoc|iPhone
		{2692481B-C6E4-4ECF-9182-C1F6AC519B09}.Ad-Hoc|x86.ActiveCfg = Ad-Hoc|iPhone
		{2692481B-C6E4-4ECF-9182-C1F6AC519B09}.AppStore|Any CPU.ActiveCfg = AppStore|iPhone
		{2692481B-C6E4-4ECF-9182-C1F6AC519B09}.AppStore|ARM.ActiveCfg = AppStore|iPhone
		{2692481B-C6E4-4ECF-9182-C1F6AC519B09}.AppStore|iPhone.ActiveCfg = AppStore|iPhone
		{2692481B-C6E4-4ECF-9182-C1F6AC519B09}.AppStore|iPhone.Build.0 = AppStore|iPhone
		{2692481B-C6E4-4ECF-9182-C1F6AC519B09}.AppStore|iPhoneSimulator.ActiveCfg = AppStore|iPhoneSimulator
		{2692481B-C6E4-4ECF-9182-C1F6AC519B09}.AppStore|iPhoneSimulator.Build.0 = AppStore|iPhoneSimulator
		{2692481B-C6E4-4ECF-9182-C1F6AC519B09}.AppStore|x64.ActiveCfg = AppStore|iPhone
		{2692481B-C6E4-4ECF-9182-C1F6AC519B09}.AppStore|x86.ActiveCfg = AppStore|iPhone
		{2692481B-C6E4-4ECF-9182-C1F6AC519B09}.Debug|Any CPU.ActiveCfg = Debug|iPhone
		{2692481B-C6E4-4ECF-9182-C1F6AC519B09}.Debug|ARM.ActiveCfg = Debug|iPhone
		{2692481B-C6E4-4ECF-9182-C1F6AC519B09}.Debug|iPhone.ActiveCfg = Debug|iPhone
		{2692481B-C6E4-4ECF-9182-C1F6AC519B09}.Debug|iPhone.Build.0 = Debug|iPhone
		{2692481B-C6E4-4ECF-9182-C1F6AC519B09}.Debug|iPhoneSimulator.ActiveCfg = Debug|iPhoneSimulator
		{2692481B-C6E4-4ECF-9182-C1F6AC519B09}.Debug|iPhoneSimulator.Build.0 = Debug|iPhoneSimulator
		{2692481B-C6E4-4ECF-9182-C1F6AC519B09}.Debug|x64.ActiveCfg = Debug|iPhone
		{2692481B-C6E4-4ECF-9182-C1F6AC519B09}.Debug|x86.ActiveCfg = Debug|iPhone
		{2692481B-C6E4-4ECF-9182-C1F6AC519B09}.Release|Any CPU.ActiveCfg = Release|iPhone
		{2692481B-C6E4-4ECF-9182-C1F6AC519B09}.Release|ARM.ActiveCfg = Release|iPhone
		{2692481B-C6E4-4ECF-9182-C1F6AC519B09}.Release|iPhone.ActiveCfg = Release|iPhone
		{2692481B-C6E4-4ECF-9182-C1F6AC519B09}.Release|iPhone.Build.0 = Release|iPhone
		{2692481B-C6E4-4ECF-9182-C1F6AC519B09}.Release|iPhoneSimulator.ActiveCfg = Release|iPhoneSimulator
		{2692481B-C6E4-4ECF-9182-C1F6AC519B09}.Release|iPhoneSimulator.Build.0 = Release|iPhoneSimulator
		{2692481B-C6E4-4ECF-9182-C1F6AC519B09}.Release|x64.ActiveCfg = Release|iPhone
		{2692481B-C6E4-4ECF-9182-C1F6AC519B09}.Release|x86.ActiveCfg = Release|iPhone
		{9E178F25-5339-4B93-BC1F-4CE6E9E773CE}.Ad-Hoc|Any CPU.ActiveCfg = Release|x86
		{9E178F25-5339-4B93-BC1F-4CE6E9E773CE}.Ad-Hoc|Any CPU.Build.0 = Release|x86
		{9E178F25-5339-4B93-BC1F-4CE6E9E773CE}.Ad-Hoc|Any CPU.Deploy.0 = Release|x86
		{9E178F25-5339-4B93-BC1F-4CE6E9E773CE}.Ad-Hoc|ARM.ActiveCfg = Release|ARM
		{9E178F25-5339-4B93-BC1F-4CE6E9E773CE}.Ad-Hoc|ARM.Build.0 = Release|ARM
		{9E178F25-5339-4B93-BC1F-4CE6E9E773CE}.Ad-Hoc|ARM.Deploy.0 = Release|ARM
		{9E178F25-5339-4B93-BC1F-4CE6E9E773CE}.Ad-Hoc|iPhone.ActiveCfg = Release|x86
		{9E178F25-5339-4B93-BC1F-4CE6E9E773CE}.Ad-Hoc|iPhone.Build.0 = Release|x86
		{9E178F25-5339-4B93-BC1F-4CE6E9E773CE}.Ad-Hoc|iPhone.Deploy.0 = Release|x86
		{9E178F25-5339-4B93-BC1F-4CE6E9E773CE}.Ad-Hoc|iPhoneSimulator.ActiveCfg = Release|x86
		{9E178F25-5339-4B93-BC1F-4CE6E9E773CE}.Ad-Hoc|iPhoneSimulator.Build.0 = Release|x86
		{9E178F25-5339-4B93-BC1F-4CE6E9E773CE}.Ad-Hoc|iPhoneSimulator.Deploy.0 = Release|x86
		{9E178F25-5339-4B93-BC1F-4CE6E9E773CE}.Ad-Hoc|x64.ActiveCfg = Release|x64
		{9E178F25-5339-4B93-BC1F-4CE6E9E773CE}.Ad-Hoc|x64.Build.0 = Release|x64
		{9E178F25-5339-4B93-BC1F-4CE6E9E773CE}.Ad-Hoc|x64.Deploy.0 = Release|x64
		{9E178F25-5339-4B93-BC1F-4CE6E9E773CE}.Ad-Hoc|x86.ActiveCfg = Release|x86
		{9E178F25-5339-4B93-BC1F-4CE6E9E773CE}.Ad-Hoc|x86.Build.0 = Release|x86
		{9E178F25-5339-4B93-BC1F-4CE6E9E773CE}.Ad-Hoc|x86.Deploy.0 = Release|x86
		{9E178F25-5339-4B93-BC1F-4CE6E9E773CE}.AppStore|Any CPU.ActiveCfg = Release|x86
		{9E178F25-5339-4B93-BC1F-4CE6E9E773CE}.AppStore|Any CPU.Build.0 = Release|x86
		{9E178F25-5339-4B93-BC1F-4CE6E9E773CE}.AppStore|Any CPU.Deploy.0 = Release|x86
		{9E178F25-5339-4B93-BC1F-4CE6E9E773CE}.AppStore|ARM.ActiveCfg = Release|ARM
		{9E178F25-5339-4B93-BC1F-4CE6E9E773CE}.AppStore|ARM.Build.0 = Release|ARM
		{9E178F25-5339-4B93-BC1F-4CE6E9E773CE}.AppStore|ARM.Deploy.0 = Release|ARM
		{9E178F25-5339-4B93-BC1F-4CE6E9E773CE}.AppStore|iPhone.ActiveCfg = Release|x86
		{9E178F25-5339-4B93-BC1F-4CE6E9E773CE}.AppStore|iPhone.Build.0 = Release|x86
		{9E178F25-5339-4B93-BC1F-4CE6E9E773CE}.AppStore|iPhone.Deploy.0 = Release|x86
		{9E178F25-5339-4B93-BC1F-4CE6E9E773CE}.AppStore|iPhoneSimulator.ActiveCfg = Release|x86
		{9E178F25-5339-4B93-BC1F-4CE6E9E773CE}.AppStore|iPhoneSimulator.Build.0 = Release|x86
		{9E178F25-5339-4B93-BC1F-4CE6E9E773CE}.AppStore|iPhoneSimulator.Deploy.0 = Release|x86
		{9E178F25-5339-4B93-BC1F-4CE6E9E773CE}.AppStore|x64.ActiveCfg = Release|x64
		{9E178F25-5339-4B93-BC1F-4CE6E9E773CE}.AppStore|x64.Build.0 = Release|x64
		{9E178F25-5339-4B93-BC1F-4CE6E9E773CE}.AppStore|x64.Deploy.0 = Release|x64
		{9E178F25-5339-4B93-BC1F-4CE6E9E773CE}.AppStore|x86.ActiveCfg = Release|x86
		{9E178F25-5339-4B93-BC1F-4CE6E9E773CE}.AppStore|x86.Build.0 = Release|x86
		{9E178F25-5339-4B93-BC1F-4CE6E9E773CE}.AppStore|x86.Deploy.0 = Release|x86
		{9E178F25-5339-4B93-BC1F-4CE6E9E773CE}.Debug|Any CPU.ActiveCfg = Debug|x86
		{9E178F25-5339-4B93-BC1F-4CE6E9E773CE}.Debug|ARM.ActiveCfg = Debug|ARM
		{9E178F25-5339-4B93-BC1F-4CE6E9E773CE}.Debug|ARM.Build.0 = Debug|ARM
		{9E178F25-5339-4B93-BC1F-4CE6E9E773CE}.Debug|ARM.Deploy.0 = Debug|ARM
		{9E178F25-5339-4B93-BC1F-4CE6E9E773CE}.Debug|iPhone.ActiveCfg = Debug|x86
		{9E178F25-5339-4B93-BC1F-4CE6E9E773CE}.Debug|iPhoneSimulator.ActiveCfg = Debug|x86
		{9E178F25-5339-4B93-BC1F-4CE6E9E773CE}.Debug|x64.ActiveCfg = Debug|x64
		{9E178F25-5339-4B93-BC1F-4CE6E9E773CE}.Debug|x64.Build.0 = Debug|x64
		{9E178F25-5339-4B93-BC1F-4CE6E9E773CE}.Debug|x64.Deploy.0 = Debug|x64
		{9E178F25-5339-4B93-BC1F-4CE6E9E773CE}.Debug|x86.ActiveCfg = Debug|x86
		{9E178F25-5339-4B93-BC1F-4CE6E9E773CE}.Debug|x86.Build.0 = Debug|x86
		{9E178F25-5339-4B93-BC1F-4CE6E9E773CE}.Debug|x86.Deploy.0 = Debug|x86
		{9E178F25-5339-4B93-BC1F-4CE6E9E773CE}.Release|Any CPU.ActiveCfg = Release|x86
		{9E178F25-5339-4B93-BC1F-4CE6E9E773CE}.Release|ARM.ActiveCfg = Release|ARM
		{9E178F25-5339-4B93-BC1F-4CE6E9E773CE}.Release|ARM.Build.0 = Release|ARM
		{9E178F25-5339-4B93-BC1F-4CE6E9E773CE}.Release|ARM.Deploy.0 = Release|ARM
		{9E178F25-5339-4B93-BC1F-4CE6E9E773CE}.Release|iPhone.ActiveCfg = Release|x86
		{9E178F25-5339-4B93-BC1F-4CE6E9E773CE}.Release|iPhoneSimulator.ActiveCfg = Release|x86
		{9E178F25-5339-4B93-BC1F-4CE6E9E773CE}.Release|x64.ActiveCfg = Release|x64
		{9E178F25-5339-4B93-BC1F-4CE6E9E773CE}.Release|x64.Build.0 = Release|x64
		{9E178F25-5339-4B93-BC1F-4CE6E9E773CE}.Release|x64.Deploy.0 = Release|x64
		{9E178F25-5339-4B93-BC1F-4CE6E9E773CE}.Release|x86.ActiveCfg = Release|x86
		{9E178F25-5339-4B93-BC1F-4CE6E9E773CE}.Release|x86.Build.0 = Release|x86
		{9E178F25-5339-4B93-BC1F-4CE6E9E773CE}.Release|x86.Deploy.0 = Release|x86
		{3A0339C1-5B3B-4126-B9E2-A64C9AB4A40B}.Ad-Hoc|Any CPU.ActiveCfg = Debug|Any CPU
		{3A0339C1-5B3B-4126-B9E2-A64C9AB4A40B}.Ad-Hoc|Any CPU.Build.0 = Debug|Any CPU
		{3A0339C1-5B3B-4126-B9E2-A64C9AB4A40B}.Ad-Hoc|ARM.ActiveCfg = Debug|Any CPU
		{3A0339C1-5B3B-4126-B9E2-A64C9AB4A40B}.Ad-Hoc|ARM.Build.0 = Debug|Any CPU
		{3A0339C1-5B3B-4126-B9E2-A64C9AB4A40B}.Ad-Hoc|iPhone.ActiveCfg = Debug|Any CPU
		{3A0339C1-5B3B-4126-B9E2-A64C9AB4A40B}.Ad-Hoc|iPhone.Build.0 = Debug|Any CPU
		{3A0339C1-5B3B-4126-B9E2-A64C9AB4A40B}.Ad-Hoc|iPhoneSimulator.ActiveCfg = Debug|Any CPU
		{3A0339C1-5B3B-4126-B9E2-A64C9AB4A40B}.Ad-Hoc|iPhoneSimulator.Build.0 = Debug|Any CPU
		{3A0339C1-5B3B-4126-B9E2-A64C9AB4A40B}.Ad-Hoc|x64.ActiveCfg = Debug|Any CPU
		{3A0339C1-5B3B-4126-B9E2-A64C9AB4A40B}.Ad-Hoc|x64.Build.0 = Debug|Any CPU
		{3A0339C1-5B3B-4126-B9E2-A64C9AB4A40B}.Ad-Hoc|x86.ActiveCfg = Debug|Any CPU
		{3A0339C1-5B3B-4126-B9E2-A64C9AB4A40B}.Ad-Hoc|x86.Build.0 = Debug|Any CPU
		{3A0339C1-5B3B-4126-B9E2-A64C9AB4A40B}.AppStore|Any CPU.ActiveCfg = Debug|Any CPU
		{3A0339C1-5B3B-4126-B9E2-A64C9AB4A40B}.AppStore|Any CPU.Build.0 = Debug|Any CPU
		{3A0339C1-5B3B-4126-B9E2-A64C9AB4A40B}.AppStore|ARM.ActiveCfg = Debug|Any CPU
		{3A0339C1-5B3B-4126-B9E2-A64C9AB4A40B}.AppStore|ARM.Build.0 = Debug|Any CPU
		{3A0339C1-5B3B-4126-B9E2-A64C9AB4A40B}.AppStore|iPhone.ActiveCfg = Debug|Any CPU
		{3A0339C1-5B3B-4126-B9E2-A64C9AB4A40B}.AppStore|iPhone.Build.0 = Debug|Any CPU
		{3A0339C1-5B3B-4126-B9E2-A64C9AB4A40B}.AppStore|iPhoneSimulator.ActiveCfg = Debug|Any CPU
		{3A0339C1-5B3B-4126-B9E2-A64C9AB4A40B}.AppStore|iPhoneSimulator.Build.0 = Debug|Any CPU
		{3A0339C1-5B3B-4126-B9E2-A64C9AB4A40B}.AppStore|x64.ActiveCfg = Debug|Any CPU
		{3A0339C1-5B3B-4126-B9E2-A64C9AB4A40B}.AppStore|x64.Build.0 = Debug|Any CPU
		{3A0339C1-5B3B-4126-B9E2-A64C9AB4A40B}.AppStore|x86.ActiveCfg = Debug|Any CPU
		{3A0339C1-5B3B-4126-B9E2-A64C9AB4A40B}.AppStore|x86.Build.0 = Debug|Any CPU
		{3A0339C1-5B3B-4126-B9E2-A64C9AB4A40B}.Debug|Any CPU.ActiveCfg = Debug|Any CPU
		{3A0339C1-5B3B-4126-B9E2-A64C9AB4A40B}.Debug|Any CPU.Build.0 = Debug|Any CPU
		{3A0339C1-5B3B-4126-B9E2-A64C9AB4A40B}.Debug|ARM.ActiveCfg = Debug|Any CPU
		{3A0339C1-5B3B-4126-B9E2-A64C9AB4A40B}.Debug|ARM.Build.0 = Debug|Any CPU
		{3A0339C1-5B3B-4126-B9E2-A64C9AB4A40B}.Debug|iPhone.ActiveCfg = Debug|Any CPU
		{3A0339C1-5B3B-4126-B9E2-A64C9AB4A40B}.Debug|iPhone.Build.0 = Debug|Any CPU
		{3A0339C1-5B3B-4126-B9E2-A64C9AB4A40B}.Debug|iPhoneSimulator.ActiveCfg = Debug|Any CPU
		{3A0339C1-5B3B-4126-B9E2-A64C9AB4A40B}.Debug|iPhoneSimulator.Build.0 = Debug|Any CPU
		{3A0339C1-5B3B-4126-B9E2-A64C9AB4A40B}.Debug|x64.ActiveCfg = Debug|Any CPU
		{3A0339C1-5B3B-4126-B9E2-A64C9AB4A40B}.Debug|x64.Build.0 = Debug|Any CPU
		{3A0339C1-5B3B-4126-B9E2-A64C9AB4A40B}.Debug|x86.ActiveCfg = Debug|Any CPU
		{3A0339C1-5B3B-4126-B9E2-A64C9AB4A40B}.Debug|x86.Build.0 = Debug|Any CPU
		{3A0339C1-5B3B-4126-B9E2-A64C9AB4A40B}.Release|Any CPU.ActiveCfg = Release|Any CPU
		{3A0339C1-5B3B-4126-B9E2-A64C9AB4A40B}.Release|Any CPU.Build.0 = Release|Any CPU
		{3A0339C1-5B3B-4126-B9E2-A64C9AB4A40B}.Release|ARM.ActiveCfg = Release|Any CPU
		{3A0339C1-5B3B-4126-B9E2-A64C9AB4A40B}.Release|ARM.Build.0 = Release|Any CPU
		{3A0339C1-5B3B-4126-B9E2-A64C9AB4A40B}.Release|iPhone.ActiveCfg = Release|Any CPU
		{3A0339C1-5B3B-4126-B9E2-A64C9AB4A40B}.Release|iPhone.Build.0 = Release|Any CPU
		{3A0339C1-5B3B-4126-B9E2-A64C9AB4A40B}.Release|iPhoneSimulator.ActiveCfg = Release|Any CPU
		{3A0339C1-5B3B-4126-B9E2-A64C9AB4A40B}.Release|iPhoneSimulator.Build.0 = Release|Any CPU
		{3A0339C1-5B3B-4126-B9E2-A64C9AB4A40B}.Release|x64.ActiveCfg = Release|Any CPU
		{3A0339C1-5B3B-4126-B9E2-A64C9AB4A40B}.Release|x64.Build.0 = Release|Any CPU
		{3A0339C1-5B3B-4126-B9E2-A64C9AB4A40B}.Release|x86.ActiveCfg = Release|Any CPU
		{3A0339C1-5B3B-4126-B9E2-A64C9AB4A40B}.Release|x86.Build.0 = Release|Any CPU
	EndGlobalSection
	GlobalSection(SolutionProperties) = preSolution
		HideSolutionNode = FALSE
	EndGlobalSection
	GlobalSection(ExtensibilityGlobals) = postSolution
		SolutionGuid = {6669D647-B61A-43ED-AA09-B654A3B3E707}
	EndGlobalSection
EndGlobal
